
Microsoft Visual Studio Solution File, Format Version 12.00
# Visual Studio Version 17
VisualStudioVersion = 17.13.35913.81
MinimumVisualStudioVersion = 10.0.40219.1
Project("{FAE04EC0-301F-11D3-BF4B-00C04F79EFBC}") = "RnCore.Abstractions", "RnCore.Abstractions\RnCore.Abstractions.csproj", "{885D011B-69DB-9F3D-3A09-68FE5198E377}"
EndProject
Project("{FAE04EC0-301F-11D3-BF4B-00C04F79EFBC}") = "RnCore.DbCommon", "RnCore.DbCommon\RnCore.DbCommon.csproj", "{7C109DE0-813B-5D8C-F84C-3EB17785B1C9}"
EndProject
Project("{FAE04EC0-301F-11D3-BF4B-00C04F79EFBC}") = "RnCore.DbConfiguration", "RnCore.DbConfiguration\RnCore.DbConfiguration.csproj", "{1051E942-9B27-A1F1-BAD7-B95C33D47AEE}"
EndProject
Project("{FAE04EC0-301F-11D3-BF4B-00C04F79EFBC}") = "RnCore.Logging", "RnCore.Logging\RnCore.Logging.csproj", "{9FB56014-EE74-5797-AC44-A9A486D88041}"
EndProject
Project("{FAE04EC0-301F-11D3-BF4B-00C04F79EFBC}") = "RnCore.Logging.NlogTarget", "RnCore.Logging.NlogTarget\RnCore.Logging.NlogTarget.csproj", "{C241523C-7268-FC49-669D-716DEF093786}"
EndProject
Project("{FAE04EC0-301F-11D3-BF4B-00C04F79EFBC}") = "RnCore.Mailer", "RnCore.Mailer\RnCore.Mailer.csproj", "{6FBBDD5C-2CFE-BD8A-7603-A3D1131CEC93}"
EndProject
Project("{FAE04EC0-301F-11D3-BF4B-00C04F79EFBC}") = "RnCore.MediaInfoAbstractions", "RnCore.MediaInfoAbstractions\RnCore.MediaInfoAbstractions.csproj", "{E6E3EEBB-1C59-EC94-3B9C-D9C898D81B30}"
EndProject
Project("{FAE04EC0-301F-11D3-BF4B-00C04F79EFBC}") = "RnCore.Metrics", "RnCore.Metrics\RnCore.Metrics.csproj", "{EA528D27-5D3C-3771-E9A2-27F971C4FDF7}"
EndProject
Project("{FAE04EC0-301F-11D3-BF4B-00C04F79EFBC}") = "RnCore.Metrics.InfluxDB", "RnCore.Metrics.InfluxDB\RnCore.Metrics.InfluxDB.csproj", "{DEE0CA88-8C61-103E-130E-BF30BAF0DB73}"
EndProject
Project("{FAE04EC0-301F-11D3-BF4B-00C04F79EFBC}") = "RnCore.Sonarr", "RnCore.Sonarr\RnCore.Sonarr.csproj", "{39AC17FD-6A55-0233-3F9C-F7D07AEFC906}"
EndProject
Project("{FAE04EC0-301F-11D3-BF4B-00C04F79EFBC}") = "RnCore.Ssh", "RnCore.Ssh\RnCore.Ssh.csproj", "{784D5C14-53AC-3B54-0298-39E4F5ADDAF3}"
EndProject
Project("{2150E333-8FDC-42A3-9474-1A3956D46DE8}") = "Abstractions", "Abstractions", "{02EA681E-C7D8-13C7-8484-4AC65E1B71E8}"
EndProject
Project("{2150E333-8FDC-42A3-9474-1A3956D46DE8}") = "DB", "DB", "{8269D950-261C-41E9-84AE-76F866A54E5E}"
EndProject
Project("{2150E333-8FDC-42A3-9474-1A3956D46DE8}") = "Logging", "Logging", "{AB9668B7-7F5F-4527-84C1-2DA87E10CF25}"
EndProject
Project("{2150E333-8FDC-42A3-9474-1A3956D46DE8}") = "Metrics", "Metrics", "{0734D206-67C4-4A22-9676-18790CF5A9F9}"
EndProject
Project("{FAE04EC0-301F-11D3-BF4B-00C04F79EFBC}") = "RnCore.DbTests", "..\tests\RnCore.DbTests\RnCore.DbTests.csproj", "{EFFA4672-C04B-4FA5-A971-BBA9BF6018EA}"
EndProject
Project("{FAE04EC0-301F-11D3-BF4B-00C04F79EFBC}") = "RnCore.MetricsTests", "..\tests\RnCore.MetricsTests\RnCore.MetricsTests.csproj", "{A41B6BDB-77FA-427C-B84F-777EA1DBE119}"
EndProject
Project("{2150E333-8FDC-42A3-9474-1A3956D46DE8}") = "Mailer", "Mailer", "{1C762DBC-B6BA-4297-8126-07238AC7BC6B}"
EndProject
Project("{FAE04EC0-301F-11D3-BF4B-00C04F79EFBC}") = "RnCore.MailerTests", "..\tests\RnCore.MailerTests\RnCore.MailerTests.csproj", "{27116742-9AD0-43A2-BA23-D15446B79D55}"
EndProject
Project("{2150E333-8FDC-42A3-9474-1A3956D46DE8}") = "Sonarr", "Sonarr", "{F6C85ED9-9008-40AF-BD99-3EC974009FCF}"
EndProject
Project("{FAE04EC0-301F-11D3-BF4B-00C04F79EFBC}") = "RnCore.SonarrTests", "..\tests\RnCore.SonarrTests\RnCore.SonarrTests.csproj", "{2E2DF2EC-33A1-4888-BE17-EE0EE09111BA}"
EndProject
Project("{FAE04EC0-301F-11D3-BF4B-00C04F79EFBC}") = "RnCore.DevConsole", "RnCore.DevConsole\RnCore.DevConsole.csproj", "{842CB4E1-003E-44B8-87AA-E9B59EACBE23}"
EndProject
Global
	GlobalSection(SolutionConfigurationPlatforms) = preSolution
		Debug|Any CPU = Debug|Any CPU
		Release|Any CPU = Release|Any CPU
	EndGlobalSection
	GlobalSection(ProjectConfigurationPlatforms) = postSolution
		{885D011B-69DB-9F3D-3A09-68FE5198E377}.Debug|Any CPU.ActiveCfg = Debug|Any CPU
		{885D011B-69DB-9F3D-3A09-68FE5198E377}.Debug|Any CPU.Build.0 = Debug|Any CPU
		{885D011B-69DB-9F3D-3A09-68FE5198E377}.Release|Any CPU.ActiveCfg = Release|Any CPU
		{885D011B-69DB-9F3D-3A09-68FE5198E377}.Release|Any CPU.Build.0 = Release|Any CPU
		{7C109DE0-813B-5D8C-F84C-3EB17785B1C9}.Debug|Any CPU.ActiveCfg = Debug|Any CPU
		{7C109DE0-813B-5D8C-F84C-3EB17785B1C9}.Debug|Any CPU.Build.0 = Debug|Any CPU
		{7C109DE0-813B-5D8C-F84C-3EB17785B1C9}.Release|Any CPU.ActiveCfg = Release|Any CPU
		{7C109DE0-813B-5D8C-F84C-3EB17785B1C9}.Release|Any CPU.Build.0 = Release|Any CPU
		{1051E942-9B27-A1F1-BAD7-B95C33D47AEE}.Debug|Any CPU.ActiveCfg = Debug|Any CPU
		{1051E942-9B27-A1F1-BAD7-B95C33D47AEE}.Debug|Any CPU.Build.0 = Debug|Any CPU
		{1051E942-9B27-A1F1-BAD7-B95C33D47AEE}.Release|Any CPU.ActiveCfg = Release|Any CPU
		{1051E942-9B27-A1F1-BAD7-B95C33D47AEE}.Release|Any CPU.Build.0 = Release|Any CPU
		{9FB56014-EE74-5797-AC44-A9A486D88041}.Debug|Any CPU.ActiveCfg = Debug|Any CPU
		{9FB56014-EE74-5797-AC44-A9A486D88041}.Debug|Any CPU.Build.0 = Debug|Any CPU
		{9FB56014-EE74-5797-AC44-A9A486D88041}.Release|Any CPU.ActiveCfg = Release|Any CPU
		{9FB56014-EE74-5797-AC44-A9A486D88041}.Release|Any CPU.Build.0 = Release|Any CPU
		{C241523C-7268-FC49-669D-716DEF093786}.Debug|Any CPU.ActiveCfg = Debug|Any CPU
		{C241523C-7268-FC49-669D-716DEF093786}.Debug|Any CPU.Build.0 = Debug|Any CPU
		{C241523C-7268-FC49-669D-716DEF093786}.Release|Any CPU.ActiveCfg = Release|Any CPU
		{C241523C-7268-FC49-669D-716DEF093786}.Release|Any CPU.Build.0 = Release|Any CPU
		{6FBBDD5C-2CFE-BD8A-7603-A3D1131CEC93}.Debug|Any CPU.ActiveCfg = Debug|Any CPU
		{6FBBDD5C-2CFE-BD8A-7603-A3D1131CEC93}.Debug|Any CPU.Build.0 = Debug|Any CPU
		{6FBBDD5C-2CFE-BD8A-7603-A3D1131CEC93}.Release|Any CPU.ActiveCfg = Release|Any CPU
		{6FBBDD5C-2CFE-BD8A-7603-A3D1131CEC93}.Release|Any CPU.Build.0 = Release|Any CPU
		{E6E3EEBB-1C59-EC94-3B9C-D9C898D81B30}.Debug|Any CPU.ActiveCfg = Debug|Any CPU
		{E6E3EEBB-1C59-EC94-3B9C-D9C898D81B30}.Debug|Any CPU.Build.0 = Debug|Any CPU
		{E6E3EEBB-1C59-EC94-3B9C-D9C898D81B30}.Release|Any CPU.ActiveCfg = Release|Any CPU
		{E6E3EEBB-1C59-EC94-3B9C-D9C898D81B30}.Release|Any CPU.Build.0 = Release|Any CPU
		{EA528D27-5D3C-3771-E9A2-27F971C4FDF7}.Debug|Any CPU.ActiveCfg = Debug|Any CPU
		{EA528D27-5D3C-3771-E9A2-27F971C4FDF7}.Debug|Any CPU.Build.0 = Debug|Any CPU
		{EA528D27-5D3C-3771-E9A2-27F971C4FDF7}.Release|Any CPU.ActiveCfg = Release|Any CPU
		{EA528D27-5D3C-3771-E9A2-27F971C4FDF7}.Release|Any CPU.Build.0 = Release|Any CPU
		{DEE0CA88-8C61-103E-130E-BF30BAF0DB73}.Debug|Any CPU.ActiveCfg = Debug|Any CPU
		{DEE0CA88-8C61-103E-130E-BF30BAF0DB73}.Debug|Any CPU.Build.0 = Debug|Any CPU
		{DEE0CA88-8C61-103E-130E-BF30BAF0DB73}.Release|Any CPU.ActiveCfg = Release|Any CPU
		{DEE0CA88-8C61-103E-130E-BF30BAF0DB73}.Release|Any CPU.Build.0 = Release|Any CPU
		{39AC17FD-6A55-0233-3F9C-F7D07AEFC906}.Debug|Any CPU.ActiveCfg = Debug|Any CPU
		{39AC17FD-6A55-0233-3F9C-F7D07AEFC906}.Debug|Any CPU.Build.0 = Debug|Any CPU
		{39AC17FD-6A55-0233-3F9C-F7D07AEFC906}.Release|Any CPU.ActiveCfg = Release|Any CPU
		{39AC17FD-6A55-0233-3F9C-F7D07AEFC906}.Release|Any CPU.Build.0 = Release|Any CPU
		{784D5C14-53AC-3B54-0298-39E4F5ADDAF3}.Debug|Any CPU.ActiveCfg = Debug|Any CPU
		{784D5C14-53AC-3B54-0298-39E4F5ADDAF3}.Debug|Any CPU.Build.0 = Debug|Any CPU
		{784D5C14-53AC-3B54-0298-39E4F5ADDAF3}.Release|Any CPU.ActiveCfg = Release|Any CPU
		{784D5C14-53AC-3B54-0298-39E4F5ADDAF3}.Release|Any CPU.Build.0 = Release|Any CPU
		{EFFA4672-C04B-4FA5-A971-BBA9BF6018EA}.Debug|Any CPU.ActiveCfg = Debug|Any CPU
		{EFFA4672-C04B-4FA5-A971-BBA9BF6018EA}.Debug|Any CPU.Build.0 = Debug|Any CPU
		{EFFA4672-C04B-4FA5-A971-BBA9BF6018EA}.Release|Any CPU.ActiveCfg = Release|Any CPU
		{EFFA4672-C04B-4FA5-A971-BBA9BF6018EA}.Release|Any CPU.Build.0 = Release|Any CPU
		{A41B6BDB-77FA-427C-B84F-777EA1DBE119}.Debug|Any CPU.ActiveCfg = Debug|Any CPU
		{A41B6BDB-77FA-427C-B84F-777EA1DBE119}.Debug|Any CPU.Build.0 = Debug|Any CPU
		{A41B6BDB-77FA-427C-B84F-777EA1DBE119}.Release|Any CPU.ActiveCfg = Release|Any CPU
		{A41B6BDB-77FA-427C-B84F-777EA1DBE119}.Release|Any CPU.Build.0 = Release|Any CPU
		{27116742-9AD0-43A2-BA23-D15446B79D55}.Debug|Any CPU.ActiveCfg = Debug|Any CPU
		{27116742-9AD0-43A2-BA23-D15446B79D55}.Debug|Any CPU.Build.0 = Debug|Any CPU
		{27116742-9AD0-43A2-BA23-D15446B79D55}.Release|Any CPU.ActiveCfg = Release|Any CPU
		{27116742-9AD0-43A2-BA23-D15446B79D55}.Release|Any CPU.Build.0 = Release|Any CPU
		{2E2DF2EC-33A1-4888-BE17-EE0EE09111BA}.Debug|Any CPU.ActiveCfg = Debug|Any CPU
		{2E2DF2EC-33A1-4888-BE17-EE0EE09111BA}.Debug|Any CPU.Build.0 = Debug|Any CPU
		{2E2DF2EC-33A1-4888-BE17-EE0EE09111BA}.Release|Any CPU.ActiveCfg = Release|Any CPU
		{2E2DF2EC-33A1-4888-BE17-EE0EE09111BA}.Release|Any CPU.Build.0 = Release|Any CPU
		{842CB4E1-003E-44B8-87AA-E9B59EACBE23}.Debug|Any CPU.ActiveCfg = Debug|Any CPU
		{842CB4E1-003E-44B8-87AA-E9B59EACBE23}.Debug|Any CPU.Build.0 = Debug|Any CPU
		{842CB4E1-003E-44B8-87AA-E9B59EACBE23}.Release|Any CPU.ActiveCfg = Release|Any CPU
		{842CB4E1-003E-44B8-87AA-E9B59EACBE23}.Release|Any CPU.Build.0 = Release|Any CPU
	EndGlobalSection
	GlobalSection(SolutionProperties) = preSolution
		HideSolutionNode = FALSE
	EndGlobalSection
	GlobalSection(NestedProjects) = preSolution
		{885D011B-69DB-9F3D-3A09-68FE5198E377} = {02EA681E-C7D8-13C7-8484-4AC65E1B71E8}
		{7C109DE0-813B-5D8C-F84C-3EB17785B1C9} = {8269D950-261C-41E9-84AE-76F866A54E5E}
		{1051E942-9B27-A1F1-BAD7-B95C33D47AEE} = {8269D950-261C-41E9-84AE-76F866A54E5E}
		{9FB56014-EE74-5797-AC44-A9A486D88041} = {AB9668B7-7F5F-4527-84C1-2DA87E10CF25}
		{C241523C-7268-FC49-669D-716DEF093786} = {AB9668B7-7F5F-4527-84C1-2DA87E10CF25}
		{6FBBDD5C-2CFE-BD8A-7603-A3D1131CEC93} = {1C762DBC-B6BA-4297-8126-07238AC7BC6B}
		{E6E3EEBB-1C59-EC94-3B9C-D9C898D81B30} = {02EA681E-C7D8-13C7-8484-4AC65E1B71E8}
		{EA528D27-5D3C-3771-E9A2-27F971C4FDF7} = {0734D206-67C4-4A22-9676-18790CF5A9F9}
		{DEE0CA88-8C61-103E-130E-BF30BAF0DB73} = {0734D206-67C4-4A22-9676-18790CF5A9F9}
		{39AC17FD-6A55-0233-3F9C-F7D07AEFC906} = {F6C85ED9-9008-40AF-BD99-3EC974009FCF}
		{EFFA4672-C04B-4FA5-A971-BBA9BF6018EA} = {8269D950-261C-41E9-84AE-76F866A54E5E}
		{A41B6BDB-77FA-427C-B84F-777EA1DBE119} = {0734D206-67C4-4A22-9676-18790CF5A9F9}
		{27116742-9AD0-43A2-BA23-D15446B79D55} = {1C762DBC-B6BA-4297-8126-07238AC7BC6B}
		{2E2DF2EC-33A1-4888-BE17-EE0EE09111BA} = {F6C85ED9-9008-40AF-BD99-3EC974009FCF}
	EndGlobalSection
	GlobalSection(ExtensibilityGlobals) = postSolution
		SolutionGuid = {DC11E96B-F1F8-4712-AFCF-8822504261BB}
	EndGlobalSection
EndGlobal
